// !$*UTF8*$!
{
	archiveVersion = 1;
	classes = {
	};
	objectVersion = 46;
	objects = {

/* Begin PBXBuildFile section */
		8D77983D1F4DD0A2006D76F6 /* AppDelegate.swift in Sources */ = {isa = PBXBuildFile; fileRef = 8D77983C1F4DD0A2006D76F6 /* AppDelegate.swift */; };
		8D77983F1F4DD0A2006D76F6 /* ViewController.swift in Sources */ = {isa = PBXBuildFile; fileRef = 8D77983E1F4DD0A2006D76F6 /* ViewController.swift */; };
		8D7798421F4DD0A2006D76F6 /* Main.storyboard in Resources */ = {isa = PBXBuildFile; fileRef = 8D7798401F4DD0A2006D76F6 /* Main.storyboard */; };
		8D7798441F4DD0A2006D76F6 /* Assets.xcassets in Resources */ = {isa = PBXBuildFile; fileRef = 8D7798431F4DD0A2006D76F6 /* Assets.xcassets */; };
		8D7798471F4DD0A2006D76F6 /* LaunchScreen.storyboard in Resources */ = {isa = PBXBuildFile; fileRef = 8D7798451F4DD0A2006D76F6 /* LaunchScreen.storyboard */; };
		8D7798521F4DD0A2006D76F6 /* SaitamaTests.swift in Sources */ = {isa = PBXBuildFile; fileRef = 8D7798511F4DD0A2006D76F6 /* SaitamaTests.swift */; };
		8D77985D1F4DD0A2006D76F6 /* SaitamaUITests.swift in Sources */ = {isa = PBXBuildFile; fileRef = 8D77985C1F4DD0A2006D76F6 /* SaitamaUITests.swift */; };
/* End PBXBuildFile section */

/* Begin PBXContainerItemProxy section */
		8D77984E1F4DD0A2006D76F6 /* PBXContainerItemProxy */ = {
			isa = PBXContainerItemProxy;
			containerPortal = 8D7798311F4DD0A1006D76F6 /* Project object */;
			proxyType = 1;
			remoteGlobalIDString = 8D7798381F4DD0A1006D76F6;
			remoteInfo = Saitama;
		};
		8D7798591F4DD0A2006D76F6 /* PBXContainerItemProxy */ = {
			isa = PBXContainerItemProxy;
			containerPortal = 8D7798311F4DD0A1006D76F6 /* Project object */;
			proxyType = 1;
			remoteGlobalIDString = 8D7798381F4DD0A1006D76F6;
			remoteInfo = Saitama;
		};
/* End PBXContainerItemProxy section */

/* Begin PBXFileReference section */
		8D7798391F4DD0A2006D76F6 /* Saitama.app */ = {isa = PBXFileReference; explicitFileType = wrapper.application; includeInIndex = 0; path = Saitama.app; sourceTree = BUILT_PRODUCTS_DIR; };
		8D77983C1F4DD0A2006D76F6 /* AppDelegate.swift */ = {isa = PBXFileReference; lastKnownFileType = sourcecode.swift; path = AppDelegate.swift; sourceTree = "<group>"; };
		8D77983E1F4DD0A2006D76F6 /* ViewController.swift */ = {isa = PBXFileReference; lastKnownFileType = sourcecode.swift; path = ViewController.swift; sourceTree = "<group>"; };
		8D7798411F4DD0A2006D76F6 /* Base */ = {isa = PBXFileReference; lastKnownFileType = file.storyboard; name = Base; path = Base.lproj/Main.storyboard; sourceTree = "<group>"; };
		8D7798431F4DD0A2006D76F6 /* Assets.xcassets */ = {isa = PBXFileReference; lastKnownFileType = folder.assetcatalog; path = Assets.xcassets; sourceTree = "<group>"; };
		8D7798461F4DD0A2006D76F6 /* Base */ = {isa = PBXFileReference; lastKnownFileType = file.storyboard; name = Base; path = Base.lproj/LaunchScreen.storyboard; sourceTree = "<group>"; };
		8D7798481F4DD0A2006D76F6 /* Info.plist */ = {isa = PBXFileReference; lastKnownFileType = text.plist.xml; path = Info.plist; sourceTree = "<group>"; };
		8D77984D1F4DD0A2006D76F6 /* SaitamaTests.xctest */ = {isa = PBXFileReference; explicitFileType = wrapper.cfbundle; includeInIndex = 0; path = SaitamaTests.xctest; sourceTree = BUILT_PRODUCTS_DIR; };
		8D7798511F4DD0A2006D76F6 /* SaitamaTests.swift */ = {isa = PBXFileReference; lastKnownFileType = sourcecode.swift; path = SaitamaTests.swift; sourceTree = "<group>"; };
		8D7798531F4DD0A2006D76F6 /* Info.plist */ = {isa = PBXFileReference; lastKnownFileType = text.plist.xml; path = Info.plist; sourceTree = "<group>"; };
		8D7798581F4DD0A2006D76F6 /* SaitamaUITests.xctest */ = {isa = PBXFileReference; explicitFileType = wrapper.cfbundle; includeInIndex = 0; path = SaitamaUITests.xctest; sourceTree = BUILT_PRODUCTS_DIR; };
		8D77985C1F4DD0A2006D76F6 /* SaitamaUITests.swift */ = {isa = PBXFileReference; lastKnownFileType = sourcecode.swift; path = SaitamaUITests.swift; sourceTree = "<group>"; };
		8D77985E1F4DD0A2006D76F6 /* Info.plist */ = {isa = PBXFileReference; lastKnownFileType = text.plist.xml; path = Info.plist; sourceTree = "<group>"; };
/* End PBXFileReference section */

/* Begin PBXFrameworksBuildPhase section */
		8D7798361F4DD0A1006D76F6 /* Frameworks */ = {
			isa = PBXFrameworksBuildPhase;
			buildActionMask = 2147483647;
			files = (
			);
			runOnlyForDeploymentPostprocessing = 0;
		};
		8D77984A1F4DD0A2006D76F6 /* Frameworks */ = {
			isa = PBXFrameworksBuildPhase;
			buildActionMask = 2147483647;
			files = (
			);
			runOnlyForDeploymentPostprocessing = 0;
		};
		8D7798551F4DD0A2006D76F6 /* Frameworks */ = {
			isa = PBXFrameworksBuildPhase;
			buildActionMask = 2147483647;
			files = (
			);
			runOnlyForDeploymentPostprocessing = 0;
		};
/* End PBXFrameworksBuildPhase section */

/* Begin PBXGroup section */
		8D7798301F4DD0A1006D76F6 = {
			isa = PBXGroup;
			children = (
				8D77983B1F4DD0A2006D76F6 /* Saitama */,
				8D7798501F4DD0A2006D76F6 /* SaitamaTests */,
				8D77985B1F4DD0A2006D76F6 /* SaitamaUITests */,
				8D77983A1F4DD0A2006D76F6 /* Products */,
			);
			sourceTree = "<group>";
		};
		8D77983A1F4DD0A2006D76F6 /* Products */ = {
			isa = PBXGroup;
			children = (
				8D7798391F4DD0A2006D76F6 /* Saitama.app */,
				8D77984D1F4DD0A2006D76F6 /* SaitamaTests.xctest */,
				8D7798581F4DD0A2006D76F6 /* SaitamaUITests.xctest */,
			);
			name = Products;
			sourceTree = "<group>";
		};
		8D77983B1F4DD0A2006D76F6 /* Saitama */ = {
			isa = PBXGroup;
			children = (
				8D77983C1F4DD0A2006D76F6 /* AppDelegate.swift */,
				8D77983E1F4DD0A2006D76F6 /* ViewController.swift */,
				8D7798401F4DD0A2006D76F6 /* Main.storyboard */,
				8D7798431F4DD0A2006D76F6 /* Assets.xcassets */,
				8D7798451F4DD0A2006D76F6 /* LaunchScreen.storyboard */,
				8D7798481F4DD0A2006D76F6 /* Info.plist */,
			);
			path = Saitama;
			sourceTree = "<group>";
		};
		8D7798501F4DD0A2006D76F6 /* SaitamaTests */ = {
			isa = PBXGroup;
			children = (
				8D7798511F4DD0A2006D76F6 /* SaitamaTests.swift */,
				8D7798531F4DD0A2006D76F6 /* Info.plist */,
			);
			path = SaitamaTests;
			sourceTree = "<group>";
		};
		8D77985B1F4DD0A2006D76F6 /* SaitamaUITests */ = {
			isa = PBXGroup;
			children = (
				8D77985C1F4DD0A2006D76F6 /* SaitamaUITests.swift */,
				8D77985E1F4DD0A2006D76F6 /* Info.plist */,
			);
			path = SaitamaUITests;
			sourceTree = "<group>";
		};
/* End PBXGroup section */

/* Begin PBXNativeTarget section */
		8D7798381F4DD0A1006D76F6 /* Saitama */ = {
			isa = PBXNativeTarget;
			buildConfigurationList = 8D7798611F4DD0A2006D76F6 /* Build configuration list for PBXNativeTarget "Saitama" */;
			buildPhases = (
				8D7798351F4DD0A1006D76F6 /* Sources */,
				8D7798361F4DD0A1006D76F6 /* Frameworks */,
				8D7798371F4DD0A1006D76F6 /* Resources */,
			);
			buildRules = (
			);
			dependencies = (
			);
			name = Saitama;
			productName = Saitama;
			productReference = 8D7798391F4DD0A2006D76F6 /* Saitama.app */;
			productType = "com.apple.product-type.application";
		};
		8D77984C1F4DD0A2006D76F6 /* SaitamaTests */ = {
			isa = PBXNativeTarget;
			buildConfigurationList = 8D7798641F4DD0A2006D76F6 /* Build configuration list for PBXNativeTarget "SaitamaTests" */;
			buildPhases = (
				8D7798491F4DD0A2006D76F6 /* Sources */,
				8D77984A1F4DD0A2006D76F6 /* Frameworks */,
				8D77984B1F4DD0A2006D76F6 /* Resources */,
			);
			buildRules = (
			);
			dependencies = (
				8D77984F1F4DD0A2006D76F6 /* PBXTargetDependency */,
			);
			name = SaitamaTests;
			productName = SaitamaTests;
			productReference = 8D77984D1F4DD0A2006D76F6 /* SaitamaTests.xctest */;
			productType = "com.apple.product-type.bundle.unit-test";
		};
		8D7798571F4DD0A2006D76F6 /* SaitamaUITests */ = {
			isa = PBXNativeTarget;
			buildConfigurationList = 8D7798671F4DD0A2006D76F6 /* Build configuration list for PBXNativeTarget "SaitamaUITests" */;
			buildPhases = (
				8D7798541F4DD0A2006D76F6 /* Sources */,
				8D7798551F4DD0A2006D76F6 /* Frameworks */,
				8D7798561F4DD0A2006D76F6 /* Resources */,
			);
			buildRules = (
			);
			dependencies = (
				8D77985A1F4DD0A2006D76F6 /* PBXTargetDependency */,
			);
			name = SaitamaUITests;
			productName = SaitamaUITests;
			productReference = 8D7798581F4DD0A2006D76F6 /* SaitamaUITests.xctest */;
			productType = "com.apple.product-type.bundle.ui-testing";
		};
/* End PBXNativeTarget section */

/* Begin PBXProject section */
		8D7798311F4DD0A1006D76F6 /* Project object */ = {
			isa = PBXProject;
			attributes = {
				LastSwiftUpdateCheck = 0820;
				LastUpgradeCheck = 0820;
				ORGANIZATIONNAME = "Marcos Hass Wakamatsu";
				TargetAttributes = {
					8D7798381F4DD0A1006D76F6 = {
						CreatedOnToolsVersion = 8.2.1;
						DevelopmentTeam = V8RRUEXD2B;
						ProvisioningStyle = Automatic;
					};
					8D77984C1F4DD0A2006D76F6 = {
						CreatedOnToolsVersion = 8.2.1;
						DevelopmentTeam = V8RRUEXD2B;
						ProvisioningStyle = Automatic;
						TestTargetID = 8D7798381F4DD0A1006D76F6;
					};
					8D7798571F4DD0A2006D76F6 = {
						CreatedOnToolsVersion = 8.2.1;
						DevelopmentTeam = V8RRUEXD2B;
						ProvisioningStyle = Automatic;
						TestTargetID = 8D7798381F4DD0A1006D76F6;
					};
				};
			};
			buildConfigurationList = 8D7798341F4DD0A1006D76F6 /* Build configuration list for PBXProject "Saitama" */;
			compatibilityVersion = "Xcode 3.2";
			developmentRegion = English;
			hasScannedForEncodings = 0;
			knownRegions = (
				en,
				Base,
			);
			mainGroup = 8D7798301F4DD0A1006D76F6;
			productRefGroup = 8D77983A1F4DD0A2006D76F6 /* Products */;
			projectDirPath = "";
			projectRoot = "";
			targets = (
				8D7798381F4DD0A1006D76F6 /* Saitama */,
				8D77984C1F4DD0A2006D76F6 /* SaitamaTests */,
				8D7798571F4DD0A2006D76F6 /* SaitamaUITests */,
			);
		};
/* End PBXProject section */

/* Begin PBXResourcesBuildPhase section */
		8D7798371F4DD0A1006D76F6 /* Resources */ = {
			isa = PBXResourcesBuildPhase;
			buildActionMask = 2147483647;
			files = (
				8D7798471F4DD0A2006D76F6 /* LaunchScreen.storyboard in Resources */,
				8D7798441F4DD0A2006D76F6 /* Assets.xcassets in Resources */,
				8D7798421F4DD0A2006D76F6 /* Main.storyboard in Resources */,
			);
			runOnlyForDeploymentPostprocessing = 0;
		};
		8D77984B1F4DD0A2006D76F6 /* Resources */ = {
			isa = PBXResourcesBuildPhase;
			buildActionMask = 2147483647;
			files = (
			);
			runOnlyForDeploymentPostprocessing = 0;
		};
		8D7798561F4DD0A2006D76F6 /* Resources */ = {
			isa = PBXResourcesBuildPhase;
			buildActionMask = 2147483647;
			files = (
			);
			runOnlyForDeploymentPostprocessing = 0;
		};
/* End PBXResourcesBuildPhase section */

/* Begin PBXSourcesBuildPhase section */
		8D7798351F4DD0A1006D76F6 /* Sources */ = {
			isa = PBXSourcesBuildPhase;
			buildActionMask = 2147483647;
			files = (
				8D77983F1F4DD0A2006D76F6 /* ViewController.swift in Sources */,
				8D77983D1F4DD0A2006D76F6 /* AppDelegate.swift in Sources */,
			);
			runOnlyForDeploymentPostprocessing = 0;
		};
		8D7798491F4DD0A2006D76F6 /* Sources */ = {
			isa = PBXSourcesBuildPhase;
			buildActionMask = 2147483647;
			files = (
				8D7798521F4DD0A2006D76F6 /* SaitamaTests.swift in Sources */,
			);
			runOnlyForDeploymentPostprocessing = 0;
		};
		8D7798541F4DD0A2006D76F6 /* Sources */ = {
			isa = PBXSourcesBuildPhase;
			buildActionMask = 2147483647;
			files = (
				8D77985D1F4DD0A2006D76F6 /* SaitamaUITests.swift in Sources */,
			);
			runOnlyForDeploymentPostprocessing = 0;
		};
/* End PBXSourcesBuildPhase section */

/* Begin PBXTargetDependency section */
		8D77984F1F4DD0A2006D76F6 /* PBXTargetDependency */ = {
			isa = PBXTargetDependency;
			target = 8D7798381F4DD0A1006D76F6 /* Saitama */;
			targetProxy = 8D77984E1F4DD0A2006D76F6 /* PBXContainerItemProxy */;
		};
		8D77985A1F4DD0A2006D76F6 /* PBXTargetDependency */ = {
			isa = PBXTargetDependency;
			target = 8D7798381F4DD0A1006D76F6 /* Saitama */;
			targetProxy = 8D7798591F4DD0A2006D76F6 /* PBXContainerItemProxy */;
		};
/* End PBXTargetDependency section */

/* Begin PBXVariantGroup section */
		8D7798401F4DD0A2006D76F6 /* Main.storyboard */ = {
			isa = PBXVariantGroup;
			children = (
				8D7798411F4DD0A2006D76F6 /* Base */,
			);
			name = Main.storyboard;
			sourceTree = "<group>";
		};
		8D7798451F4DD0A2006D76F6 /* LaunchScreen.storyboard */ = {
			isa = PBXVariantGroup;
			children = (
				8D7798461F4DD0A2006D76F6 /* Base */,
			);
			name = LaunchScreen.storyboard;
			sourceTree = "<group>";
		};
/* End PBXVariantGroup section */

/* Begin XCBuildConfiguration section */
		8D77985F1F4DD0A2006D76F6 /* Debug */ = {
			isa = XCBuildConfiguration;
			buildSettings = {
				ALWAYS_SEARCH_USER_PATHS = NO;
				CLANG_ANALYZER_NONNULL = YES;
				CLANG_CXX_LANGUAGE_STANDARD = "gnu++0x";
				CLANG_CXX_LIBRARY = "libc++";
				CLANG_ENABLE_MODULES = YES;
				CLANG_ENABLE_OBJC_ARC = YES;
				CLANG_WARN_BOOL_CONVERSION = YES;
				CLANG_WARN_CONSTANT_CONVERSION = YES;
				CLANG_WARN_DIRECT_OBJC_ISA_USAGE = YES_ERROR;
				CLANG_WARN_DOCUMENTATION_COMMENTS = YES;
				CLANG_WARN_EMPTY_BODY = YES;
				CLANG_WARN_ENUM_CONVERSION = YES;
				CLANG_WARN_INFINITE_RECURSION = YES;
				CLANG_WARN_INT_CONVERSION = YES;
				CLANG_WARN_OBJC_ROOT_CLASS = YES_ERROR;
				CLANG_WARN_SUSPICIOUS_MOVE = YES;
				CLANG_WARN_UNREACHABLE_CODE = YES;
				CLANG_WARN__DUPLICATE_METHOD_MATCH = YES;
				"CODE_SIGN_IDENTITY[sdk=iphoneos*]" = "iPhone Developer";
				COPY_PHASE_STRIP = NO;
				DEBUG_INFORMATION_FORMAT = dwarf;
				ENABLE_STRICT_OBJC_MSGSEND = YES;
				ENABLE_TESTABILITY = YES;
				GCC_C_LANGUAGE_STANDARD = gnu99;
				GCC_DYNAMIC_NO_PIC = NO;
				GCC_NO_COMMON_BLOCKS = YES;
				GCC_OPTIMIZATION_LEVEL = 0;
				GCC_PREPROCESSOR_DEFINITIONS = (
					"DEBUG=1",
					"$(inherited)",
				);
				GCC_WARN_64_TO_32_BIT_CONVERSION = YES;
				GCC_WARN_ABOUT_RETURN_TYPE = YES_ERROR;
				GCC_WARN_UNDECLARED_SELECTOR = YES;
				GCC_WARN_UNINITIALIZED_AUTOS = YES_AGGRESSIVE;
				GCC_WARN_UNUSED_FUNCTION = YES;
				GCC_WARN_UNUSED_VARIABLE = YES;
				IPHONEOS_DEPLOYMENT_TARGET = 10.2;
				MTL_ENABLE_DEBUG_INFO = YES;
				ONLY_ACTIVE_ARCH = YES;
				SDKROOT = iphoneos;
				SWIFT_ACTIVE_COMPILATION_CONDITIONS = DEBUG;
				SWIFT_OPTIMIZATION_LEVEL = "-Onone";
			};
			name = Debug;
		};
		8D7798601F4DD0A2006D76F6 /* Release */ = {
			isa = XCBuildConfiguration;
			buildSettings = {
				ALWAYS_SEARCH_USER_PATHS = NO;
				CLANG_ANALYZER_NONNULL = YES;
				CLANG_CXX_LANGUAGE_STANDARD = "gnu++0x";
				CLANG_CXX_LIBRARY = "libc++";
				CLANG_ENABLE_MODULES = YES;
				CLANG_ENABLE_OBJC_ARC = YES;
				CLANG_WARN_BOOL_CONVERSION = YES;
				CLANG_WARN_CONSTANT_CONVERSION = YES;
				CLANG_WARN_DIRECT_OBJC_ISA_USAGE = YES_ERROR;
				CLANG_WARN_DOCUMENTATION_COMMENTS = YES;
				CLANG_WARN_EMPTY_BODY = YES;
				CLANG_WARN_ENUM_CONVERSION = YES;
				CLANG_WARN_INFINITE_RECURSION = YES;
				CLANG_WARN_INT_CONVERSION = YES;
				CLANG_WARN_OBJC_ROOT_CLASS = YES_ERROR;
				CLANG_WARN_SUSPICIOUS_MOVE = YES;
				CLANG_WARN_UNREACHABLE_CODE = YES;
				CLANG_WARN__DUPLICATE_METHOD_MATCH = YES;
				"CODE_SIGN_IDENTITY[sdk=iphoneos*]" = "iPhone Developer";
				COPY_PHASE_STRIP = NO;
				DEBUG_INFORMATION_FORMAT = "dwarf-with-dsym";
				ENABLE_NS_ASSERTIONS = NO;
				ENABLE_STRICT_OBJC_MSGSEND = YES;
				GCC_C_LANGUAGE_STANDARD = gnu99;
				GCC_NO_COMMON_BLOCKS = YES;
				GCC_WARN_64_TO_32_BIT_CONVERSION = YES;
				GCC_WARN_ABOUT_RETURN_TYPE = YES_ERROR;
				GCC_WARN_UNDECLARED_SELECTOR = YES;
				GCC_WARN_UNINITIALIZED_AUTOS = YES_AGGRESSIVE;
				GCC_WARN_UNUSED_FUNCTION = YES;
				GCC_WARN_UNUSED_VARIABLE = YES;
				IPHONEOS_DEPLOYMENT_TARGET = 10.2;
				MTL_ENABLE_DEBUG_INFO = NO;
				SDKROOT = iphoneos;
				SWIFT_OPTIMIZATION_LEVEL = "-Owholemodule";
				VALIDATE_PRODUCT = YES;
			};
			name = Release;
		};
		8D7798621F4DD0A2006D76F6 /* Debug */ = {
			isa = XCBuildConfiguration;
			buildSettings = {
				ASSETCATALOG_COMPILER_APPICON_NAME = AppIcon;
				DEVELOPMENT_TEAM = V8RRUEXD2B;
				INFOPLIST_FILE = Saitama/Info.plist;
				LD_RUNPATH_SEARCH_PATHS = "$(inherited) @executable_path/Frameworks";
				PRODUCT_BUNDLE_IDENTIFIER = br.com.marcoshass.Saitama;
				PRODUCT_NAME = "$(TARGET_NAME)";
				SWIFT_VERSION = 3.0;
			};
			name = Debug;
		};
		8D7798631F4DD0A2006D76F6 /* Release */ = {
			isa = XCBuildConfiguration;
			buildSettings = {
				ASSETCATALOG_COMPILER_APPICON_NAME = AppIcon;
				DEVELOPMENT_TEAM = V8RRUEXD2B;
				INFOPLIST_FILE = Saitama/Info.plist;
				LD_RUNPATH_SEARCH_PATHS = "$(inherited) @executable_path/Frameworks";
				PRODUCT_BUNDLE_IDENTIFIER = br.com.marcoshass.Saitama;
				PRODUCT_NAME = "$(TARGET_NAME)";
				SWIFT_VERSION = 3.0;
			};
			name = Release;
		};
		8D7798651F4DD0A2006D76F6 /* Debug */ = {
			isa = XCBuildConfiguration;
			buildSettings = {
				ALWAYS_EMBED_SWIFT_STANDARD_LIBRARIES = YES;
				BUNDLE_LOADER = "$(TEST_HOST)";
				DEVELOPMENT_TEAM = V8RRUEXD2B;
				INFOPLIST_FILE = SaitamaTests/Info.plist;
				LD_RUNPATH_SEARCH_PATHS = "$(inherited) @executable_path/Frameworks @loader_path/Frameworks";
				PRODUCT_BUNDLE_IDENTIFIER = br.com.marcoshass.SaitamaTests;
				PRODUCT_NAME = "$(TARGET_NAME)";
				SWIFT_VERSION = 3.0;
				TEST_HOST = "$(BUILT_PRODUCTS_DIR)/Saitama.app/Saitama";
			};
			name = Debug;
		};
		8D7798661F4DD0A2006D76F6 /* Release */ = {
			isa = XCBuildConfiguration;
			buildSettings = {
				ALWAYS_EMBED_SWIFT_STANDARD_LIBRARIES = YES;
				BUNDLE_LOADER = "$(TEST_HOST)";
				DEVELOPMENT_TEAM = V8RRUEXD2B;
				INFOPLIST_FILE = SaitamaTests/Info.plist;
				LD_RUNPATH_SEARCH_PATHS = "$(inherited) @executable_path/Frameworks @loader_path/Frameworks";
				PRODUCT_BUNDLE_IDENTIFIER = br.com.marcoshass.SaitamaTests;
				PRODUCT_NAME = "$(TARGET_NAME)";
				SWIFT_VERSION = 3.0;
				TEST_HOST = "$(BUILT_PRODUCTS_DIR)/Saitama.app/Saitama";
			};
			name = Release;
		};
		8D7798681F4DD0A2006D76F6 /* Debug */ = {
			isa = XCBuildConfiguration;
			buildSettings = {
				ALWAYS_EMBED_SWIFT_STANDARD_LIBRARIES = YES;
				DEVELOPMENT_TEAM = V8RRUEXD2B;
				INFOPLIST_FILE = SaitamaUITests/Info.plist;
				LD_RUNPATH_SEARCH_PATHS = "$(inherited) @executable_path/Frameworks @loader_path/Frameworks";
				PRODUCT_BUNDLE_IDENTIFIER = br.com.marcoshass.SaitamaUITests;
				PRODUCT_NAME = "$(TARGET_NAME)";
				SWIFT_VERSION = 3.0;
				TEST_TARGET_NAME = Saitama;
			};
			name = Debug;
		};
		8D7798691F4DD0A2006D76F6 /* Release */ = {
			isa = XCBuildConfiguration;
			buildSettings = {
				ALWAYS_EMBED_SWIFT_STANDARD_LIBRARIES = YES;
				DEVELOPMENT_TEAM = V8RRUEXD2B;
				INFOPLIST_FILE = SaitamaUITests/Info.plist;
				LD_RUNPATH_SEARCH_PATHS = "$(inherited) @executable_path/Frameworks @loader_path/Frameworks";
				PRODUCT_BUNDLE_IDENTIFIER = br.com.marcoshass.SaitamaUITests;
				PRODUCT_NAME = "$(TARGET_NAME)";
				SWIFT_VERSION = 3.0;
				TEST_TARGET_NAME = Saitama;
			};
			name = Release;
		};
/* End XCBuildConfiguration section */

/* Begin XCConfigurationList section */
		8D7798341F4DD0A1006D76F6 /* Build configuration list for PBXProject "Saitama" */ = {
			isa = XCConfigurationList;
			buildConfigurations = (
				8D77985F1F4DD0A2006D76F6 /* Debug */,
				8D7798601F4DD0A2006D76F6 /* Release */,
			);
			defaultConfigurationIsVisible = 0;
			defaultConfigurationName = Release;
		};
		8D7798611F4DD0A2006D76F6 /* Build configuration list for PBXNativeTarget "Saitama" */ = {
			isa = XCConfigurationList;
			buildConfigurations = (
				8D7798621F4DD0A2006D76F6 /* Debug */,
				8D7798631F4DD0A2006D76F6 /* Release */,
			);
			defaultConfigurationIsVisible = 0;
		};
		8D7798641F4DD0A2006D76F6 /* Build configuration list for PBXNativeTarget "SaitamaTests" */ = {
			isa = XCConfigurationList;
			buildConfigurations = (
				8D7798651F4DD0A2006D76F6 /* Debug */,
				8D7798661F4DD0A2006D76F6 /* Release */,
			);
			defaultConfigurationIsVisible = 0;
		};
		8D7798671F4DD0A2006D76F6 /* Build configuration list for PBXNativeTarget "SaitamaUITests" */ = {
			isa = XCConfigurationList;
			buildConfigurations = (
				8D7798681F4DD0A2006D76F6 /* Debug */,
				8D7798691F4DD0A2006D76F6 /* Release */,
			);
			defaultConfigurationIsVisible = 0;
		};
/* End XCConfigurationList section */
	};
	rootObject = 8D7798311F4DD0A1006D76F6 /* Project object */;
}
